{
  "object": {
    "pins": [
      {
        "package": "CryptoSwift",
        "repositoryURL": "https://github.com/krzyzanowskim/CryptoSwift.git",
        "state": {
          "branch": null,
          "revision": "3f6869c469abf3e2ebefe3b6baef4bfac3aac305",
          "version": "0.11.0"
        }
      },
      {
        "package": "Datable",
        "repositoryURL": "https://github.com/OperatorFoundation/Datable.git",
        "state": {
          "branch": null,
          "revision": "9e2d1854337363fd50ef6401fa5518a508b3964e",
          "version": "0.1.2"
        }
      }
    ]
  },
  "version": 1
}
